
Microsoft Visual Studio Solution File, Format Version 12.00
# Visual Studio Version 17
VisualStudioVersion = 17.7.34003.232
MinimumVisualStudioVersion = 10.0.40219.1
Project("{FAE04EC0-301F-11D3-BF4B-00C04F79EFBC}") = "CalculadoraV2", "CalculadoraV2.csproj", "{13D371C0-C1A4-400A-9F95-D59995D828C6}"
EndProject
Project("{FAE04EC0-301F-11D3-BF4B-00C04F79EFBC}") = "TesteCalculadoraV2", "..\TesteCalculadoraV2\TesteCalculadoraV2.csproj", "{2CE36FAE-A336-4CF9-A4E4-912531E7324A}"
EndProject
Global
	GlobalSection(SolutionConfigurationPlatforms) = preSolution
		Debug|Any CPU = Debug|Any CPU
		Release|Any CPU = Release|Any CPU
	EndGlobalSection
	GlobalSection(ProjectConfigurationPlatforms) = postSolution
		{13D371C0-C1A4-400A-9F95-D59995D828C6}.Debug|Any CPU.ActiveCfg = Debug|Any CPU
		{13D371C0-C1A4-400A-9F95-D59995D828C6}.Debug|Any CPU.Build.0 = Debug|Any CPU
		{13D371C0-C1A4-400A-9F95-D59995D828C6}.Release|Any CPU.ActiveCfg = Release|Any CPU
		{13D371C0-C1A4-400A-9F95-D59995D828C6}.Release|Any CPU.Build.0 = Release|Any CPU
		{2CE36FAE-A336-4CF9-A4E4-912531E7324A}.Debug|Any CPU.ActiveCfg = Debug|Any CPU
		{2CE36FAE-A336-4CF9-A4E4-912531E7324A}.Debug|Any CPU.Build.0 = Debug|Any CPU
		{2CE36FAE-A336-4CF9-A4E4-912531E7324A}.Release|Any CPU.ActiveCfg = Release|Any CPU
		{2CE36FAE-A336-4CF9-A4E4-912531E7324A}.Release|Any CPU.Build.0 = Release|Any CPU
	EndGlobalSection
	GlobalSection(SolutionProperties) = preSolution
		HideSolutionNode = FALSE
	EndGlobalSection
	GlobalSection(ExtensibilityGlobals) = postSolution
		SolutionGuid = {F1D8953F-48C9-4C15-A803-3AC093C5934A}
	EndGlobalSection
EndGlobal
